
Microsoft Visual Studio Solution File, Format Version 12.00
# Visual Studio Version 16
VisualStudioVersion = 16.0.29230.47
MinimumVisualStudioVersion = 10.0.40219.1
Project("{FAE04EC0-301F-11D3-BF4B-00C04F79EFBC}") = "Sparta.Web", "Sparta.Web\Sparta.Web.csproj", "{87543537-F429-4B8D-8CB6-96270115A66A}"
EndProject
Global
	GlobalSection(SolutionConfigurationPlatforms) = preSolution
		Debug|Any CPU = Debug|Any CPU
		Release|Any CPU = Release|Any CPU
	EndGlobalSection
	GlobalSection(ProjectConfigurationPlatforms) = postSolution
		{87543537-F429-4B8D-8CB6-96270115A66A}.Debug|Any CPU.ActiveCfg = Debug|Any CPU
		{87543537-F429-4B8D-8CB6-96270115A66A}.Debug|Any CPU.Build.0 = Debug|Any CPU
		{87543537-F429-4B8D-8CB6-96270115A66A}.Release|Any CPU.ActiveCfg = Release|Any CPU
		{87543537-F429-4B8D-8CB6-96270115A66A}.Release|Any CPU.Build.0 = Release|Any CPU
	EndGlobalSection
	GlobalSection(SolutionProperties) = preSolution
		HideSolutionNode = FALSE
	EndGlobalSection
	GlobalSection(ExtensibilityGlobals) = postSolution
		SolutionGuid = {025D0828-EBF6-4E28-87AD-99CFA5A9FD97}
	EndGlobalSection
EndGlobal
